{
    "_readme": [
        "This file locks the dependencies of your project to a known state",
        "Read more about it at https://getcomposer.org/doc/01-basic-usage.md#installing-dependencies",
        "This file is @generated automatically"
    ],
    "content-hash": "8e63cd17519c45916467b8e124ec832a",
    "packages": [
        {
            "name": "mervick/curl-helper",
            "version": "v2.2.0",
            "source": {
                "type": "git",
                "url": "https://github.com/mervick/curl-helper.git",
                "reference": "3591825e11af01000461904322f7eab05fb7e2b5"
            },
            "dist": {
                "type": "zip",
                "url": "https://api.github.com/repos/mervick/curl-helper/zipball/3591825e11af01000461904322f7eab05fb7e2b5",
                "reference": "3591825e11af01000461904322f7eab05fb7e2b5",
                "shasum": ""
            },
            "require": {
                "ext-curl": "*",
                "php": ">=5.4.0"
            },
            "type": "library",
            "autoload": {
                "psr-4": {
                    "Mervick\\": ""
                }
            },
            "notification-url": "https://packagist.org/downloads/",
            "license": [
                "MIT"
            ],
            "authors": [
                {
                    "name": "Andrey Izman",
                    "email": "izman.dev@gmail.com"
                }
            ],
            "description": "PHP Curl Helper",
            "time": "2020-03-18T18:30:50+00:00"
        }
    ],
    "packages-dev": [],
    "aliases": [],
    "minimum-stability": "stable",
    "stability-flags": [],
    "prefer-stable": false,
    "prefer-lowest": false,
    "platform": [],
    "platform-dev": [],
    "plugin-api-version": "1.1.0"
}
